
Microsoft Visual Studio Solution File, Format Version 12.00
# Visual Studio Version 16
VisualStudioVersion = 16.0.31605.320
MinimumVisualStudioVersion = 10.0.40219.1
Project("{FAE04EC0-301F-11D3-BF4B-00C04F79EFBC}") = "HC_Automapper_Issue", "HC_Automapper_Issue.csproj", "{750BE4C7-FDD3-41BE-9D0C-0D7724461F7E}"
EndProject
Global
	GlobalSection(SolutionConfigurationPlatforms) = preSolution
		Debug|Any CPU = Debug|Any CPU
		Release|Any CPU = Release|Any CPU
	EndGlobalSection
	GlobalSection(ProjectConfigurationPlatforms) = postSolution
		{750BE4C7-FDD3-41BE-9D0C-0D7724461F7E}.Debug|Any CPU.ActiveCfg = Debug|Any CPU
		{750BE4C7-FDD3-41BE-9D0C-0D7724461F7E}.Debug|Any CPU.Build.0 = Debug|Any CPU
		{750BE4C7-FDD3-41BE-9D0C-0D7724461F7E}.Release|Any CPU.ActiveCfg = Release|Any CPU
		{750BE4C7-FDD3-41BE-9D0C-0D7724461F7E}.Release|Any CPU.Build.0 = Release|Any CPU
	EndGlobalSection
	GlobalSection(SolutionProperties) = preSolution
		HideSolutionNode = FALSE
	EndGlobalSection
	GlobalSection(ExtensibilityGlobals) = postSolution
		SolutionGuid = {C763E4F9-7141-406C-8EA0-19FD1D06DC24}
	EndGlobalSection
EndGlobal
